
Microsoft Visual Studio Solution File, Format Version 12.00
# Visual Studio Version 16
VisualStudioVersion = 25.0.1706.14
MinimumVisualStudioVersion = 10.0.40219.1
Project("{FAE04EC0-301F-11D3-BF4B-00C04F79EFBC}") = "UserManagement", "UserManagement.csproj", "{04E251F9-9A09-4B0C-8811-83B6BBC80D43}"
EndProject
Global
	GlobalSection(SolutionConfigurationPlatforms) = preSolution
		Debug|Any CPU = Debug|Any CPU
		Release|Any CPU = Release|Any CPU
	EndGlobalSection
	GlobalSection(ProjectConfigurationPlatforms) = postSolution
		{04E251F9-9A09-4B0C-8811-83B6BBC80D43}.Debug|Any CPU.ActiveCfg = Debug|Any CPU
		{04E251F9-9A09-4B0C-8811-83B6BBC80D43}.Debug|Any CPU.Build.0 = Debug|Any CPU
		{04E251F9-9A09-4B0C-8811-83B6BBC80D43}.Release|Any CPU.ActiveCfg = Release|Any CPU
		{04E251F9-9A09-4B0C-8811-83B6BBC80D43}.Release|Any CPU.Build.0 = Release|Any CPU
	EndGlobalSection
	GlobalSection(SolutionProperties) = preSolution
		HideSolutionNode = FALSE
	EndGlobalSection
	GlobalSection(ExtensibilityGlobals) = postSolution
		SolutionGuid = {F62A2E04-F381-428A-A389-76B5F765155C}
	EndGlobalSection
EndGlobal
